github.com/gorilla/mux v1.7.2 h1:zoNxOV7WjqXptQOVngLmcSQgXmgk4NMz1HibBchjl/I=
github.com/gorilla/mux v1.7.2/go.mod h1:1lud6UwP+6orDFRuTfBEV8e9/aOM/c4fVVCaMa2zaAs=
github.com/tkanos/gonfig v0.0.0-20180326121832-e83209aed2d1 h1:DsqH6eJNjnQookBZ8XjJozxleBGlImYgGGwah4Y3plk=
github.com/tkanos/gonfig v0.0.0-20180326121832-e83209aed2d1/go.mod h1:DaZPBuToMc2eezA9R9nDAnmS2RMwL7yEa5YD36ESQdI=
